# This file is automatically @generated by Cargo.
# It is not intended for manual editing.
[[package]]
name = "gc"
version = "0.3.3"
source = "registry+https://github.com/rust-lang/crates.io-index"

[[package]]
name = "hummingbird"
version = "0.1.0"
dependencies = [
 "gc 0.3.3 (registry+https://github.com/rust-lang/crates.io-index)",
]

[metadata]
"checksum gc 0.3.3 (registry+https://github.com/rust-lang/crates.io-index)" = "75656800ec248b3d0c33b685e442a67e7308009ae59b1f8eb60c4f09ebebb512"
